// !$*UTF8*$!
{
	archiveVersion = 1;
	classes = {
	};
	objectVersion = 46;
	objects = {

/* Begin PBXBuildFile section */
		F2065ECC5D4A458CB22CB3B6 /* libPods.a in Frameworks */ = {isa = PBXBuildFile; fileRef = 3F287E3AB0A94EE495F75B24 /* libPods.a */; };
		F542DA7217F4F5FC00CE9CF9 /* Foundation.framework in Frameworks */ = {isa = PBXBuildFile; fileRef = F542DA7117F4F5FC00CE9CF9 /* Foundation.framework */; };
		F542DA7417F4F5FC00CE9CF9 /* CoreGraphics.framework in Frameworks */ = {isa = PBXBuildFile; fileRef = F542DA7317F4F5FC00CE9CF9 /* CoreGraphics.framework */; };
		F542DA7617F4F5FC00CE9CF9 /* UIKit.framework in Frameworks */ = {isa = PBXBuildFile; fileRef = F542DA7517F4F5FC00CE9CF9 /* UIKit.framework */; };
		F542DA7C17F4F5FC00CE9CF9 /* InfoPlist.strings in Resources */ = {isa = PBXBuildFile; fileRef = F542DA7A17F4F5FC00CE9CF9 /* InfoPlist.strings */; };
		F542DA7E17F4F5FC00CE9CF9 /* main.m in Sources */ = {isa = PBXBuildFile; fileRef = F542DA7D17F4F5FC00CE9CF9 /* main.m */; };
		F542DA8517F4F5FC00CE9CF9 /* Main_iPhone.storyboard in Resources */ = {isa = PBXBuildFile; fileRef = F542DA8317F4F5FC00CE9CF9 /* Main_iPhone.storyboard */; };
		F542DA8817F4F5FC00CE9CF9 /* Main_iPad.storyboard in Resources */ = {isa = PBXBuildFile; fileRef = F542DA8617F4F5FC00CE9CF9 /* Main_iPad.storyboard */; };
		F542DA9017F4F5FC00CE9CF9 /* Images.xcassets in Resources */ = {isa = PBXBuildFile; fileRef = F542DA8F17F4F5FC00CE9CF9 /* Images.xcassets */; };
		F542DA9717F4F5FC00CE9CF9 /* XCTest.framework in Frameworks */ = {isa = PBXBuildFile; fileRef = F542DA9617F4F5FC00CE9CF9 /* XCTest.framework */; };
		F542DA9817F4F5FC00CE9CF9 /* Foundation.framework in Frameworks */ = {isa = PBXBuildFile; fileRef = F542DA7117F4F5FC00CE9CF9 /* Foundation.framework */; };
		F542DA9917F4F5FC00CE9CF9 /* UIKit.framework in Frameworks */ = {isa = PBXBuildFile; fileRef = F542DA7517F4F5FC00CE9CF9 /* UIKit.framework */; };
		F542DAA117F4F5FC00CE9CF9 /* InfoPlist.strings in Resources */ = {isa = PBXBuildFile; fileRef = F542DA9F17F4F5FC00CE9CF9 /* InfoPlist.strings */; };
		F542DAA317F4F5FC00CE9CF9 /* inmapperTests.m in Sources */ = {isa = PBXBuildFile; fileRef = F542DAA217F4F5FC00CE9CF9 /* inmapperTests.m */; };
		F55B312317F5AA7900CFF4EF /* NMGraphController.m in Sources */ = {isa = PBXBuildFile; fileRef = F55B310F17F5AA7900CFF4EF /* NMGraphController.m */; };
		F55B312417F5AA7900CFF4EF /* NMOperation.m in Sources */ = {isa = PBXBuildFile; fileRef = F55B311217F5AA7900CFF4EF /* NMOperation.m */; };
		F55B312517F5AA7900CFF4EF /* NMToPosition.m in Sources */ = {isa = PBXBuildFile; fileRef = F55B311417F5AA7900CFF4EF /* NMToPosition.m */; };
		F55B312617F5AA7900CFF4EF /* NMAppDelegate.m in Sources */ = {isa = PBXBuildFile; fileRef = F55B311617F5AA7900CFF4EF /* NMAppDelegate.m */; };
		F55B312717F5AA7900CFF4EF /* NMAccelerometerFilter.m in Sources */ = {isa = PBXBuildFile; fileRef = F55B311917F5AA7900CFF4EF /* NMAccelerometerFilter.m */; };
		F55B312817F5AA7900CFF4EF /* NMRequestDispatcher.m in Sources */ = {isa = PBXBuildFile; fileRef = F55B311B17F5AA7900CFF4EF /* NMRequestDispatcher.m */; };
		F55B312A17F5AA7900CFF4EF /* NMProgressHUD.m in Sources */ = {isa = PBXBuildFile; fileRef = F55B312017F5AA7900CFF4EF /* NMProgressHUD.m */; };
		F55B312B17F5AA7900CFF4EF /* NMGraphView.m in Sources */ = {isa = PBXBuildFile; fileRef = F55B312217F5AA7900CFF4EF /* NMGraphView.m */; };
		F58C5DF91834957B002B8327 /* NMMapController.m in Sources */ = {isa = PBXBuildFile; fileRef = F58C5DF81834957B002B8327 /* NMMapController.m */; };
		F59AEA2D1810C2260095C8E4 /* NMSessionController.m in Sources */ = {isa = PBXBuildFile; fileRef = F59AEA2C1810C2260095C8E4 /* NMSessionController.m */; };
		F59AEA301810CE3D0095C8E4 /* NMCommunicationService.m in Sources */ = {isa = PBXBuildFile; fileRef = F59AEA2F1810CE3D0095C8E4 /* NMCommunicationService.m */; };
		F59AEA331810E33D0095C8E4 /* NMCommunicationQueue.m in Sources */ = {isa = PBXBuildFile; fileRef = F59AEA321810E33D0095C8E4 /* NMCommunicationQueue.m */; };
		F59AEA361810F1B30095C8E4 /* NMSession.m in Sources */ = {isa = PBXBuildFile; fileRef = F59AEA351810F1B30095C8E4 /* NMSession.m */; };
		F5BD018617F688A500EE8932 /* CoreLocation.framework in Frameworks */ = {isa = PBXBuildFile; fileRef = F5BD018517F688A500EE8932 /* CoreLocation.framework */; };
		F5BD018817F688AC00EE8932 /* MapKit.framework in Frameworks */ = {isa = PBXBuildFile; fileRef = F5BD018717F688AC00EE8932 /* MapKit.framework */; };
		F5EC135F17F5AC4100158D8F /* NMLocationService.m in Sources */ = {isa = PBXBuildFile; fileRef = F5EC135E17F5AC4100158D8F /* NMLocationService.m */; };
		F5F9AC351833D5D7004A4E79 /* Model.xcdatamodeld in Sources */ = {isa = PBXBuildFile; fileRef = F5F9AC331833D5D7004A4E79 /* Model.xcdatamodeld */; };
		F5F9AC3B1833D70D004A4E79 /* NMDataStore.m in Sources */ = {isa = PBXBuildFile; fileRef = F5F9AC3A1833D70D004A4E79 /* NMDataStore.m */; };
		F5F9AC3F1833FB23004A4E79 /* NMPosition.m in Sources */ = {isa = PBXBuildFile; fileRef = F5F9AC3E1833FB23004A4E79 /* NMPosition.m */; };
/* End PBXBuildFile section */

/* Begin PBXContainerItemProxy section */
		F542DA9A17F4F5FC00CE9CF9 /* PBXContainerItemProxy */ = {
			isa = PBXContainerItemProxy;
			containerPortal = F542DA6617F4F5FC00CE9CF9 /* Project object */;
			proxyType = 1;
			remoteGlobalIDString = F542DA6D17F4F5FC00CE9CF9;
			remoteInfo = inmapper;
		};
/* End PBXContainerItemProxy section */

/* Begin PBXFileReference section */
		3F287E3AB0A94EE495F75B24 /* libPods.a */ = {isa = PBXFileReference; explicitFileType = archive.ar; includeInIndex = 0; path = libPods.a; sourceTree = BUILT_PRODUCTS_DIR; };
		5D52652043C24507B13DCDE7 /* Pods.xcconfig */ = {isa = PBXFileReference; includeInIndex = 1; lastKnownFileType = text.xcconfig; name = Pods.xcconfig; path = Pods/Pods.xcconfig; sourceTree = "<group>"; };
		F542DA6E17F4F5FC00CE9CF9 /* inmapper.app */ = {isa = PBXFileReference; explicitFileType = wrapper.application; includeInIndex = 0; path = inmapper.app; sourceTree = BUILT_PRODUCTS_DIR; };
		F542DA7117F4F5FC00CE9CF9 /* Foundation.framework */ = {isa = PBXFileReference; lastKnownFileType = wrapper.framework; name = Foundation.framework; path = System/Library/Frameworks/Foundation.framework; sourceTree = SDKROOT; };
		F542DA7317F4F5FC00CE9CF9 /* CoreGraphics.framework */ = {isa = PBXFileReference; lastKnownFileType = wrapper.framework; name = CoreGraphics.framework; path = System/Library/Frameworks/CoreGraphics.framework; sourceTree = SDKROOT; };
		F542DA7517F4F5FC00CE9CF9 /* UIKit.framework */ = {isa = PBXFileReference; lastKnownFileType = wrapper.framework; name = UIKit.framework; path = System/Library/Frameworks/UIKit.framework; sourceTree = SDKROOT; };
		F542DA7917F4F5FC00CE9CF9 /* inmapper-Info.plist */ = {isa = PBXFileReference; lastKnownFileType = text.plist.xml; path = "inmapper-Info.plist"; sourceTree = "<group>"; };
		F542DA7B17F4F5FC00CE9CF9 /* en */ = {isa = PBXFileReference; lastKnownFileType = text.plist.strings; name = en; path = en.lproj/InfoPlist.strings; sourceTree = "<group>"; };
		F542DA7D17F4F5FC00CE9CF9 /* main.m */ = {isa = PBXFileReference; lastKnownFileType = sourcecode.c.objc; path = main.m; sourceTree = "<group>"; };
		F542DA7F17F4F5FC00CE9CF9 /* inmapper-Prefix.pch */ = {isa = PBXFileReference; lastKnownFileType = sourcecode.c.h; path = "inmapper-Prefix.pch"; sourceTree = "<group>"; };
		F542DA8417F4F5FC00CE9CF9 /* Base */ = {isa = PBXFileReference; lastKnownFileType = file.storyboard; name = Base; path = Base.lproj/Main_iPhone.storyboard; sourceTree = "<group>"; };
		F542DA8717F4F5FC00CE9CF9 /* Base */ = {isa = PBXFileReference; lastKnownFileType = file.storyboard; name = Base; path = Base.lproj/Main_iPad.storyboard; sourceTree = "<group>"; };
		F542DA8F17F4F5FC00CE9CF9 /* Images.xcassets */ = {isa = PBXFileReference; lastKnownFileType = folder.assetcatalog; path = Images.xcassets; sourceTree = "<group>"; };
		F542DA9517F4F5FC00CE9CF9 /* inmapperTests.xctest */ = {isa = PBXFileReference; explicitFileType = wrapper.cfbundle; includeInIndex = 0; path = inmapperTests.xctest; sourceTree = BUILT_PRODUCTS_DIR; };
		F542DA9617F4F5FC00CE9CF9 /* XCTest.framework */ = {isa = PBXFileReference; lastKnownFileType = wrapper.framework; name = XCTest.framework; path = Library/Frameworks/XCTest.framework; sourceTree = DEVELOPER_DIR; };
		F542DA9E17F4F5FC00CE9CF9 /* inmapperTests-Info.plist */ = {isa = PBXFileReference; lastKnownFileType = text.plist.xml; path = "inmapperTests-Info.plist"; sourceTree = "<group>"; };
		F542DAA017F4F5FC00CE9CF9 /* en */ = {isa = PBXFileReference; lastKnownFileType = text.plist.strings; name = en; path = en.lproj/InfoPlist.strings; sourceTree = "<group>"; };
		F542DAA217F4F5FC00CE9CF9 /* inmapperTests.m */ = {isa = PBXFileReference; lastKnownFileType = sourcecode.c.objc; path = inmapperTests.m; sourceTree = "<group>"; };
		F55B310E17F5AA7900CFF4EF /* NMGraphController.h */ = {isa = PBXFileReference; fileEncoding = 4; lastKnownFileType = sourcecode.c.h; path = NMGraphController.h; sourceTree = "<group>"; };
		F55B310F17F5AA7900CFF4EF /* NMGraphController.m */ = {isa = PBXFileReference; fileEncoding = 4; lastKnownFileType = sourcecode.c.objc; lineEnding = 0; path = NMGraphController.m; sourceTree = "<group>"; xcLanguageSpecificationIdentifier = xcode.lang.objc; };
		F55B311117F5AA7900CFF4EF /* NMOperation.h */ = {isa = PBXFileReference; fileEncoding = 4; lastKnownFileType = sourcecode.c.h; lineEnding = 0; path = NMOperation.h; sourceTree = "<group>"; xcLanguageSpecificationIdentifier = xcode.lang.objcpp; };
		F55B311217F5AA7900CFF4EF /* NMOperation.m */ = {isa = PBXFileReference; fileEncoding = 4; lastKnownFileType = sourcecode.c.objc; lineEnding = 0; path = NMOperation.m; sourceTree = "<group>"; xcLanguageSpecificationIdentifier = xcode.lang.objc; };
		F55B311317F5AA7900CFF4EF /* NMToPosition.h */ = {isa = PBXFileReference; fileEncoding = 4; lastKnownFileType = sourcecode.c.h; lineEnding = 0; path = NMToPosition.h; sourceTree = "<group>"; xcLanguageSpecificationIdentifier = xcode.lang.objcpp; };
		F55B311417F5AA7900CFF4EF /* NMToPosition.m */ = {isa = PBXFileReference; fileEncoding = 4; lastKnownFileType = sourcecode.c.objc; lineEnding = 0; path = NMToPosition.m; sourceTree = "<group>"; xcLanguageSpecificationIdentifier = xcode.lang.objc; };
		F55B311517F5AA7900CFF4EF /* NMAppDelegate.h */ = {isa = PBXFileReference; fileEncoding = 4; lastKnownFileType = sourcecode.c.h; name = NMAppDelegate.h; path = Classes/NMAppDelegate.h; sourceTree = "<group>"; };
		F55B311617F5AA7900CFF4EF /* NMAppDelegate.m */ = {isa = PBXFileReference; fileEncoding = 4; lastKnownFileType = sourcecode.c.objc; name = NMAppDelegate.m; path = Classes/NMAppDelegate.m; sourceTree = "<group>"; };
		F55B311817F5AA7900CFF4EF /* NMAccelerometerFilter.h */ = {isa = PBXFileReference; fileEncoding = 4; lastKnownFileType = sourcecode.c.h; path = NMAccelerometerFilter.h; sourceTree = "<group>"; };
		F55B311917F5AA7900CFF4EF /* NMAccelerometerFilter.m */ = {isa = PBXFileReference; fileEncoding = 4; lastKnownFileType = sourcecode.c.objc; path = NMAccelerometerFilter.m; sourceTree = "<group>"; };
		F55B311A17F5AA7900CFF4EF /* NMRequestDispatcher.h */ = {isa = PBXFileReference; fileEncoding = 4; lastKnownFileType = sourcecode.c.h; path = NMRequestDispatcher.h; sourceTree = "<group>"; };
		F55B311B17F5AA7900CFF4EF /* NMRequestDispatcher.m */ = {isa = PBXFileReference; fileEncoding = 4; lastKnownFileType = sourcecode.c.objc; path = NMRequestDispatcher.m; sourceTree = "<group>"; };
		F55B311F17F5AA7900CFF4EF /* NMProgressHUD.h */ = {isa = PBXFileReference; fileEncoding = 4; lastKnownFileType = sourcecode.c.h; path = NMProgressHUD.h; sourceTree = "<group>"; };
		F55B312017F5AA7900CFF4EF /* NMProgressHUD.m */ = {isa = PBXFileReference; fileEncoding = 4; lastKnownFileType = sourcecode.c.objc; path = NMProgressHUD.m; sourceTree = "<group>"; };
		F55B312117F5AA7900CFF4EF /* NMGraphView.h */ = {isa = PBXFileReference; fileEncoding = 4; lastKnownFileType = sourcecode.c.h; path = NMGraphView.h; sourceTree = "<group>"; };
		F55B312217F5AA7900CFF4EF /* NMGraphView.m */ = {isa = PBXFileReference; fileEncoding = 4; lastKnownFileType = sourcecode.c.objc; path = NMGraphView.m; sourceTree = "<group>"; };
		F55B312D17F5AB2700CFF4EF /* NMConstants.h */ = {isa = PBXFileReference; fileEncoding = 4; lastKnownFileType = sourcecode.c.h; path = NMConstants.h; sourceTree = "<group>"; };
		F58C5DF71834957B002B8327 /* NMMapController.h */ = {isa = PBXFileReference; fileEncoding = 4; lastKnownFileType = sourcecode.c.h; path = NMMapController.h; sourceTree = "<group>"; };
		F58C5DF81834957B002B8327 /* NMMapController.m */ = {isa = PBXFileReference; fileEncoding = 4; lastKnownFileType = sourcecode.c.objc; path = NMMapController.m; sourceTree = "<group>"; };
		F59AEA2B1810C2260095C8E4 /* NMSessionController.h */ = {isa = PBXFileReference; fileEncoding = 4; lastKnownFileType = sourcecode.c.h; path = NMSessionController.h; sourceTree = "<group>"; };
		F59AEA2C1810C2260095C8E4 /* NMSessionController.m */ = {isa = PBXFileReference; fileEncoding = 4; lastKnownFileType = sourcecode.c.objc; lineEnding = 0; path = NMSessionController.m; sourceTree = "<group>"; xcLanguageSpecificationIdentifier = xcode.lang.objc; };
		F59AEA2E1810CE3D0095C8E4 /* NMCommunicationService.h */ = {isa = PBXFileReference; fileEncoding = 4; lastKnownFileType = sourcecode.c.h; path = NMCommunicationService.h; sourceTree = "<group>"; };
		F59AEA2F1810CE3D0095C8E4 /* NMCommunicationService.m */ = {isa = PBXFileReference; fileEncoding = 4; lastKnownFileType = sourcecode.c.objc; lineEnding = 0; path = NMCommunicationService.m; sourceTree = "<group>"; xcLanguageSpecificationIdentifier = xcode.lang.objc; };
		F59AEA311810E33D0095C8E4 /* NMCommunicationQueue.h */ = {isa = PBXFileReference; fileEncoding = 4; lastKnownFileType = sourcecode.c.h; lineEnding = 0; path = NMCommunicationQueue.h; sourceTree = "<group>"; xcLanguageSpecificationIdentifier = xcode.lang.objcpp; };
		F59AEA321810E33D0095C8E4 /* NMCommunicationQueue.m */ = {isa = PBXFileReference; fileEncoding = 4; lastKnownFileType = sourcecode.c.objc; path = NMCommunicationQueue.m; sourceTree = "<group>"; };
		F59AEA341810F1B30095C8E4 /* NMSession.h */ = {isa = PBXFileReference; fileEncoding = 4; lastKnownFileType = sourcecode.c.h; path = NMSession.h; sourceTree = "<group>"; };
		F59AEA351810F1B30095C8E4 /* NMSession.m */ = {isa = PBXFileReference; fileEncoding = 4; lastKnownFileType = sourcecode.c.objc; lineEnding = 0; path = NMSession.m; sourceTree = "<group>"; xcLanguageSpecificationIdentifier = xcode.lang.objc; };
		F5BD018517F688A500EE8932 /* CoreLocation.framework */ = {isa = PBXFileReference; lastKnownFileType = wrapper.framework; name = CoreLocation.framework; path = System/Library/Frameworks/CoreLocation.framework; sourceTree = SDKROOT; };
		F5BD018717F688AC00EE8932 /* MapKit.framework */ = {isa = PBXFileReference; lastKnownFileType = wrapper.framework; name = MapKit.framework; path = System/Library/Frameworks/MapKit.framework; sourceTree = SDKROOT; };
		F5EC135D17F5AC4100158D8F /* NMLocationService.h */ = {isa = PBXFileReference; fileEncoding = 4; lastKnownFileType = sourcecode.c.h; lineEnding = 0; path = NMLocationService.h; sourceTree = "<group>"; xcLanguageSpecificationIdentifier = xcode.lang.objcpp; };
		F5EC135E17F5AC4100158D8F /* NMLocationService.m */ = {isa = PBXFileReference; fileEncoding = 4; lastKnownFileType = sourcecode.c.objc; lineEnding = 0; path = NMLocationService.m; sourceTree = "<group>"; xcLanguageSpecificationIdentifier = xcode.lang.objc; };
		F5F9AC341833D5D7004A4E79 /* Model.xcdatamodel */ = {isa = PBXFileReference; lastKnownFileType = wrapper.xcdatamodel; path = Model.xcdatamodel; sourceTree = "<group>"; };
		F5F9AC391833D70D004A4E79 /* NMDataStore.h */ = {isa = PBXFileReference; fileEncoding = 4; lastKnownFileType = sourcecode.c.h; lineEnding = 0; name = NMDataStore.h; path = inmapper/Classes/Repository/NMDataStore.h; sourceTree = SOURCE_ROOT; xcLanguageSpecificationIdentifier = xcode.lang.objcpp; };
		F5F9AC3A1833D70D004A4E79 /* NMDataStore.m */ = {isa = PBXFileReference; fileEncoding = 4; lastKnownFileType = sourcecode.c.objc; lineEnding = 0; name = NMDataStore.m; path = inmapper/Classes/Repository/NMDataStore.m; sourceTree = SOURCE_ROOT; xcLanguageSpecificationIdentifier = xcode.lang.objc; };
		F5F9AC3D1833FB23004A4E79 /* NMPosition.h */ = {isa = PBXFileReference; fileEncoding = 4; lastKnownFileType = sourcecode.c.h; lineEnding = 0; path = NMPosition.h; sourceTree = "<group>"; xcLanguageSpecificationIdentifier = xcode.lang.objcpp; };
		F5F9AC3E1833FB23004A4E79 /* NMPosition.m */ = {isa = PBXFileReference; fileEncoding = 4; lastKnownFileType = sourcecode.c.objc; lineEnding = 0; path = NMPosition.m; sourceTree = "<group>"; xcLanguageSpecificationIdentifier = xcode.lang.objc; };
/* End PBXFileReference section */

/* Begin PBXFrameworksBuildPhase section */
		F542DA6B17F4F5FC00CE9CF9 /* Frameworks */ = {
			isa = PBXFrameworksBuildPhase;
			buildActionMask = 2147483647;
			files = (
				F5BD018817F688AC00EE8932 /* MapKit.framework in Frameworks */,
				F5BD018617F688A500EE8932 /* CoreLocation.framework in Frameworks */,
				F542DA7417F4F5FC00CE9CF9 /* CoreGraphics.framework in Frameworks */,
				F542DA7617F4F5FC00CE9CF9 /* UIKit.framework in Frameworks */,
				F542DA7217F4F5FC00CE9CF9 /* Foundation.framework in Frameworks */,
				F2065ECC5D4A458CB22CB3B6 /* libPods.a in Frameworks */,
			);
			runOnlyForDeploymentPostprocessing = 0;
		};
		F542DA9217F4F5FC00CE9CF9 /* Frameworks */ = {
			isa = PBXFrameworksBuildPhase;
			buildActionMask = 2147483647;
			files = (
				F542DA9717F4F5FC00CE9CF9 /* XCTest.framework in Frameworks */,
				F542DA9917F4F5FC00CE9CF9 /* UIKit.framework in Frameworks */,
				F542DA9817F4F5FC00CE9CF9 /* Foundation.framework in Frameworks */,
			);
			runOnlyForDeploymentPostprocessing = 0;
		};
/* End PBXFrameworksBuildPhase section */

/* Begin PBXGroup section */
		F542DA6517F4F5FC00CE9CF9 = {
			isa = PBXGroup;
			children = (
				F542DA7717F4F5FC00CE9CF9 /* inmapper */,
				F542DA9C17F4F5FC00CE9CF9 /* inmapperTests */,
				F542DA7017F4F5FC00CE9CF9 /* Frameworks */,
				F542DA6F17F4F5FC00CE9CF9 /* Products */,
				5D52652043C24507B13DCDE7 /* Pods.xcconfig */,
			);
			sourceTree = "<group>";
		};
		F542DA6F17F4F5FC00CE9CF9 /* Products */ = {
			isa = PBXGroup;
			children = (
				F542DA6E17F4F5FC00CE9CF9 /* inmapper.app */,
				F542DA9517F4F5FC00CE9CF9 /* inmapperTests.xctest */,
			);
			name = Products;
			sourceTree = "<group>";
		};
		F542DA7017F4F5FC00CE9CF9 /* Frameworks */ = {
			isa = PBXGroup;
			children = (
				F5BD018717F688AC00EE8932 /* MapKit.framework */,
				F5BD018517F688A500EE8932 /* CoreLocation.framework */,
				F542DA7117F4F5FC00CE9CF9 /* Foundation.framework */,
				F542DA7317F4F5FC00CE9CF9 /* CoreGraphics.framework */,
				F542DA7517F4F5FC00CE9CF9 /* UIKit.framework */,
				F542DA9617F4F5FC00CE9CF9 /* XCTest.framework */,
				3F287E3AB0A94EE495F75B24 /* libPods.a */,
			);
			name = Frameworks;
			sourceTree = "<group>";
		};
		F542DA7717F4F5FC00CE9CF9 /* inmapper */ = {
			isa = PBXGroup;
			children = (
				F55B310C17F5AA7900CFF4EF /* Classes */,
				F55B311517F5AA7900CFF4EF /* NMAppDelegate.h */,
				F55B311617F5AA7900CFF4EF /* NMAppDelegate.m */,
				F542DA8317F4F5FC00CE9CF9 /* Main_iPhone.storyboard */,
				F542DA8617F4F5FC00CE9CF9 /* Main_iPad.storyboard */,
				F542DA8F17F4F5FC00CE9CF9 /* Images.xcassets */,
				F542DA7817F4F5FC00CE9CF9 /* Supporting Files */,
			);
			path = inmapper;
			sourceTree = "<group>";
		};
		F542DA7817F4F5FC00CE9CF9 /* Supporting Files */ = {
			isa = PBXGroup;
			children = (
				F542DA7917F4F5FC00CE9CF9 /* inmapper-Info.plist */,
				F542DA7A17F4F5FC00CE9CF9 /* InfoPlist.strings */,
				F542DA7D17F4F5FC00CE9CF9 /* main.m */,
				F542DA7F17F4F5FC00CE9CF9 /* inmapper-Prefix.pch */,
			);
			name = "Supporting Files";
			sourceTree = "<group>";
		};
		F542DA9C17F4F5FC00CE9CF9 /* inmapperTests */ = {
			isa = PBXGroup;
			children = (
				F542DAA217F4F5FC00CE9CF9 /* inmapperTests.m */,
				F542DA9D17F4F5FC00CE9CF9 /* Supporting Files */,
			);
			path = inmapperTests;
			sourceTree = "<group>";
		};
		F542DA9D17F4F5FC00CE9CF9 /* Supporting Files */ = {
			isa = PBXGroup;
			children = (
				F542DA9E17F4F5FC00CE9CF9 /* inmapperTests-Info.plist */,
				F542DA9F17F4F5FC00CE9CF9 /* InfoPlist.strings */,
			);
			name = "Supporting Files";
			sourceTree = "<group>";
		};
		F55B310C17F5AA7900CFF4EF /* Classes */ = {
			isa = PBXGroup;
			children = (
				F55B312C17F5AB2700CFF4EF /* Util */,
				F55B310D17F5AA7900CFF4EF /* Controller */,
				F55B311017F5AA7900CFF4EF /* Model */,
				F5F9AC3C1833D715004A4E79 /* Repository */,
				F55B311717F5AA7900CFF4EF /* Service */,
				F55B311E17F5AA7900CFF4EF /* View */,
			);
			path = Classes;
			sourceTree = "<group>";
		};
		F55B310D17F5AA7900CFF4EF /* Controller */ = {
			isa = PBXGroup;
			children = (
				F55B310E17F5AA7900CFF4EF /* NMGraphController.h */,
				F55B310F17F5AA7900CFF4EF /* NMGraphController.m */,
				F59AEA2B1810C2260095C8E4 /* NMSessionController.h */,
				F59AEA2C1810C2260095C8E4 /* NMSessionController.m */,
				F58C5DF71834957B002B8327 /* NMMapController.h */,
				F58C5DF81834957B002B8327 /* NMMapController.m */,
			);
			path = Controller;
			sourceTree = "<group>";
		};
		F55B311017F5AA7900CFF4EF /* Model */ = {
			isa = PBXGroup;
			children = (
				F55B311117F5AA7900CFF4EF /* NMOperation.h */,
				F55B311217F5AA7900CFF4EF /* NMOperation.m */,
				F55B311317F5AA7900CFF4EF /* NMToPosition.h */,
				F55B311417F5AA7900CFF4EF /* NMToPosition.m */,
				F5F9AC3D1833FB23004A4E79 /* NMPosition.h */,
				F5F9AC3E1833FB23004A4E79 /* NMPosition.m */,
				F59AEA341810F1B30095C8E4 /* NMSession.h */,
				F59AEA351810F1B30095C8E4 /* NMSession.m */,
			);
			path = Model;
			sourceTree = "<group>";
		};
		F55B311717F5AA7900CFF4EF /* Service */ = {
			isa = PBXGroup;
			children = (
				F55B311817F5AA7900CFF4EF /* NMAccelerometerFilter.h */,
				F55B311917F5AA7900CFF4EF /* NMAccelerometerFilter.m */,
				F55B311A17F5AA7900CFF4EF /* NMRequestDispatcher.h */,
				F55B311B17F5AA7900CFF4EF /* NMRequestDispatcher.m */,
				F59AEA2E1810CE3D0095C8E4 /* NMCommunicationService.h */,
				F59AEA2F1810CE3D0095C8E4 /* NMCommunicationService.m */,
				F59AEA311810E33D0095C8E4 /* NMCommunicationQueue.h */,
				F59AEA321810E33D0095C8E4 /* NMCommunicationQueue.m */,
				F5EC135D17F5AC4100158D8F /* NMLocationService.h */,
				F5EC135E17F5AC4100158D8F /* NMLocationService.m */,
			);
			path = Service;
			sourceTree = "<group>";
		};
		F55B311E17F5AA7900CFF4EF /* View */ = {
			isa = PBXGroup;
			children = (
				F55B311F17F5AA7900CFF4EF /* NMProgressHUD.h */,
				F55B312017F5AA7900CFF4EF /* NMProgressHUD.m */,
				F55B312117F5AA7900CFF4EF /* NMGraphView.h */,
				F55B312217F5AA7900CFF4EF /* NMGraphView.m */,
			);
			path = View;
			sourceTree = "<group>";
		};
		F55B312C17F5AB2700CFF4EF /* Util */ = {
			isa = PBXGroup;
			children = (
				F55B312D17F5AB2700CFF4EF /* NMConstants.h */,
			);
			path = Util;
			sourceTree = "<group>";
		};
		F5F9AC3C1833D715004A4E79 /* Repository */ = {
			isa = PBXGroup;
			children = (
				F5F9AC331833D5D7004A4E79 /* Model.xcdatamodeld */,
				F5F9AC391833D70D004A4E79 /* NMDataStore.h */,
				F5F9AC3A1833D70D004A4E79 /* NMDataStore.m */,
			);
			name = Repository;
			sourceTree = "<group>";
		};
/* End PBXGroup section */

/* Begin PBXNativeTarget section */
		F542DA6D17F4F5FC00CE9CF9 /* inmapper */ = {
			isa = PBXNativeTarget;
			buildConfigurationList = F542DAA617F4F5FC00CE9CF9 /* Build configuration list for PBXNativeTarget "inmapper" */;
			buildPhases = (
				35086B991D7E4E4897818948 /* Check Pods Manifest.lock */,
				F542DA6A17F4F5FC00CE9CF9 /* Sources */,
				F542DA6B17F4F5FC00CE9CF9 /* Frameworks */,
				F542DA6C17F4F5FC00CE9CF9 /* Resources */,
				066FD0826D4B4B34812E1B0A /* Copy Pods Resources */,
			);
			buildRules = (
			);
			dependencies = (
			);
			name = inmapper;
			productName = inmapper;
			productReference = F542DA6E17F4F5FC00CE9CF9 /* inmapper.app */;
			productType = "com.apple.product-type.application";
		};
		F542DA9417F4F5FC00CE9CF9 /* inmapperTests */ = {
			isa = PBXNativeTarget;
			buildConfigurationList = F542DAA917F4F5FC00CE9CF9 /* Build configuration list for PBXNativeTarget "inmapperTests" */;
			buildPhases = (
				F542DA9117F4F5FC00CE9CF9 /* Sources */,
				F542DA9217F4F5FC00CE9CF9 /* Frameworks */,
				F542DA9317F4F5FC00CE9CF9 /* Resources */,
			);
			buildRules = (
			);
			dependencies = (
				F542DA9B17F4F5FC00CE9CF9 /* PBXTargetDependency */,
			);
			name = inmapperTests;
			productName = inmapperTests;
			productReference = F542DA9517F4F5FC00CE9CF9 /* inmapperTests.xctest */;
			productType = "com.apple.product-type.bundle.unit-test";
		};
/* End PBXNativeTarget section */

/* Begin PBXProject section */
		F542DA6617F4F5FC00CE9CF9 /* Project object */ = {
			isa = PBXProject;
			attributes = {
				CLASSPREFIX = NM;
				LastUpgradeCheck = 0500;
				ORGANIZATIONNAME = "Astor Tech";
				TargetAttributes = {
					F542DA9417F4F5FC00CE9CF9 = {
						TestTargetID = F542DA6D17F4F5FC00CE9CF9;
					};
				};
			};
			buildConfigurationList = F542DA6917F4F5FC00CE9CF9 /* Build configuration list for PBXProject "inmapper" */;
			compatibilityVersion = "Xcode 3.2";
			developmentRegion = English;
			hasScannedForEncodings = 0;
			knownRegions = (
				en,
				Base,
			);
			mainGroup = F542DA6517F4F5FC00CE9CF9;
			productRefGroup = F542DA6F17F4F5FC00CE9CF9 /* Products */;
			projectDirPath = "";
			projectRoot = "";
			targets = (
				F542DA6D17F4F5FC00CE9CF9 /* inmapper */,
				F542DA9417F4F5FC00CE9CF9 /* inmapperTests */,
			);
		};
/* End PBXProject section */

/* Begin PBXResourcesBuildPhase section */
		F542DA6C17F4F5FC00CE9CF9 /* Resources */ = {
			isa = PBXResourcesBuildPhase;
			buildActionMask = 2147483647;
			files = (
				F542DA8817F4F5FC00CE9CF9 /* Main_iPad.storyboard in Resources */,
				F542DA9017F4F5FC00CE9CF9 /* Images.xcassets in Resources */,
				F542DA8517F4F5FC00CE9CF9 /* Main_iPhone.storyboard in Resources */,
				F542DA7C17F4F5FC00CE9CF9 /* InfoPlist.strings in Resources */,
			);
			runOnlyForDeploymentPostprocessing = 0;
		};
		F542DA9317F4F5FC00CE9CF9 /* Resources */ = {
			isa = PBXResourcesBuildPhase;
			buildActionMask = 2147483647;
			files = (
				F542DAA117F4F5FC00CE9CF9 /* InfoPlist.strings in Resources */,
			);
			runOnlyForDeploymentPostprocessing = 0;
		};
/* End PBXResourcesBuildPhase section */

/* Begin PBXShellScriptBuildPhase section */
		066FD0826D4B4B34812E1B0A /* Copy Pods Resources */ = {
			isa = PBXShellScriptBuildPhase;
			buildActionMask = 2147483647;
			files = (
			);
			inputPaths = (
			);
			name = "Copy Pods Resources";
			outputPaths = (
			);
			runOnlyForDeploymentPostprocessing = 0;
			shellPath = /bin/sh;
			shellScript = "\"${SRCROOT}/Pods/Pods-resources.sh\"\n";
			showEnvVarsInLog = 0;
		};
		35086B991D7E4E4897818948 /* Check Pods Manifest.lock */ = {
			isa = PBXShellScriptBuildPhase;
			buildActionMask = 2147483647;
			files = (
			);
			inputPaths = (
			);
			name = "Check Pods Manifest.lock";
			outputPaths = (
			);
			runOnlyForDeploymentPostprocessing = 0;
			shellPath = /bin/sh;
			shellScript = "diff \"${PODS_ROOT}/../Podfile.lock\" \"${PODS_ROOT}/Manifest.lock\" > /dev/null\nif [[ $? != 0 ]] ; then\n    cat << EOM\nerror: The sandbox is not in sync with the Podfile.lock. Run 'pod install' or update your CocoaPods installation.\nEOM\n    exit 1\nfi\n";
			showEnvVarsInLog = 0;
		};
/* End PBXShellScriptBuildPhase section */

/* Begin PBXSourcesBuildPhase section */
		F542DA6A17F4F5FC00CE9CF9 /* Sources */ = {
			isa = PBXSourcesBuildPhase;
			buildActionMask = 2147483647;
			files = (
				F55B312817F5AA7900CFF4EF /* NMRequestDispatcher.m in Sources */,
				F542DA7E17F4F5FC00CE9CF9 /* main.m in Sources */,
				F5F9AC351833D5D7004A4E79 /* Model.xcdatamodeld in Sources */,
				F58C5DF91834957B002B8327 /* NMMapController.m in Sources */,
				F55B312B17F5AA7900CFF4EF /* NMGraphView.m in Sources */,
				F59AEA331810E33D0095C8E4 /* NMCommunicationQueue.m in Sources */,
				F55B312617F5AA7900CFF4EF /* NMAppDelegate.m in Sources */,
				F55B312517F5AA7900CFF4EF /* NMToPosition.m in Sources */,
				F55B312317F5AA7900CFF4EF /* NMGraphController.m in Sources */,
				F5EC135F17F5AC4100158D8F /* NMLocationService.m in Sources */,
				F5F9AC3B1833D70D004A4E79 /* NMDataStore.m in Sources */,
				F55B312A17F5AA7900CFF4EF /* NMProgressHUD.m in Sources */,
				F59AEA361810F1B30095C8E4 /* NMSession.m in Sources */,
				F55B312717F5AA7900CFF4EF /* NMAccelerometerFilter.m in Sources */,
				F59AEA301810CE3D0095C8E4 /* NMCommunicationService.m in Sources */,
				F55B312417F5AA7900CFF4EF /* NMOperation.m in Sources */,
				F59AEA2D1810C2260095C8E4 /* NMSessionController.m in Sources */,
				F5F9AC3F1833FB23004A4E79 /* NMPosition.m in Sources */,
			);
			runOnlyForDeploymentPostprocessing = 0;
		};
		F542DA9117F4F5FC00CE9CF9 /* Sources */ = {
			isa = PBXSourcesBuildPhase;
			buildActionMask = 2147483647;
			files = (
				F542DAA317F4F5FC00CE9CF9 /* inmapperTests.m in Sources */,
			);
			runOnlyForDeploymentPostprocessing = 0;
		};
/* End PBXSourcesBuildPhase section */

/* Begin PBXTargetDependency section */
		F542DA9B17F4F5FC00CE9CF9 /* PBXTargetDependency */ = {
			isa = PBXTargetDependency;
			target = F542DA6D17F4F5FC00CE9CF9 /* inmapper */;
			targetProxy = F542DA9A17F4F5FC00CE9CF9 /* PBXContainerItemProxy */;
		};
/* End PBXTargetDependency section */

/* Begin PBXVariantGroup section */
		F542DA7A17F4F5FC00CE9CF9 /* InfoPlist.strings */ = {
			isa = PBXVariantGroup;
			children = (
				F542DA7B17F4F5FC00CE9CF9 /* en */,
			);
			name = InfoPlist.strings;
			sourceTree = "<group>";
		};
		F542DA8317F4F5FC00CE9CF9 /* Main_iPhone.storyboard */ = {
			isa = PBXVariantGroup;
			children = (
				F542DA8417F4F5FC00CE9CF9 /* Base */,
			);
			name = Main_iPhone.storyboard;
			sourceTree = "<group>";
		};
		F542DA8617F4F5FC00CE9CF9 /* Main_iPad.storyboard */ = {
			isa = PBXVariantGroup;
			children = (
				F542DA8717F4F5FC00CE9CF9 /* Base */,
			);
			name = Main_iPad.storyboard;
			sourceTree = "<group>";
		};
		F542DA9F17F4F5FC00CE9CF9 /* InfoPlist.strings */ = {
			isa = PBXVariantGroup;
			children = (
				F542DAA017F4F5FC00CE9CF9 /* en */,
			);
			name = InfoPlist.strings;
			sourceTree = "<group>";
		};
/* End PBXVariantGroup section */

/* Begin XCBuildConfiguration section */
		F542DAA417F4F5FC00CE9CF9 /* Debug */ = {
			isa = XCBuildConfiguration;
			buildSettings = {
				ALWAYS_SEARCH_USER_PATHS = NO;
				ARCHS = "$(ARCHS_STANDARD_INCLUDING_64_BIT)";
				CLANG_CXX_LANGUAGE_STANDARD = "gnu++0x";
				CLANG_CXX_LIBRARY = "libc++";
				CLANG_ENABLE_MODULES = YES;
				CLANG_ENABLE_OBJC_ARC = YES;
				CLANG_WARN_BOOL_CONVERSION = YES;
				CLANG_WARN_CONSTANT_CONVERSION = YES;
				CLANG_WARN_DIRECT_OBJC_ISA_USAGE = YES_ERROR;
				CLANG_WARN_EMPTY_BODY = YES;
				CLANG_WARN_ENUM_CONVERSION = YES;
				CLANG_WARN_INT_CONVERSION = YES;
				CLANG_WARN_OBJC_ROOT_CLASS = YES_ERROR;
				CLANG_WARN__DUPLICATE_METHOD_MATCH = YES;
				"CODE_SIGN_IDENTITY[sdk=iphoneos*]" = "iPhone Developer";
				COPY_PHASE_STRIP = NO;
				GCC_C_LANGUAGE_STANDARD = gnu99;
				GCC_DYNAMIC_NO_PIC = NO;
				GCC_OPTIMIZATION_LEVEL = 0;
				GCC_PREPROCESSOR_DEFINITIONS = (
					"DEBUG=1",
					"$(inherited)",
				);
				GCC_SYMBOLS_PRIVATE_EXTERN = NO;
				GCC_WARN_64_TO_32_BIT_CONVERSION = YES;
				GCC_WARN_ABOUT_RETURN_TYPE = YES_ERROR;
				GCC_WARN_UNDECLARED_SELECTOR = YES;
				GCC_WARN_UNINITIALIZED_AUTOS = YES;
				GCC_WARN_UNUSED_FUNCTION = YES;
				GCC_WARN_UNUSED_VARIABLE = YES;
				IPHONEOS_DEPLOYMENT_TARGET = 6.1;
				ONLY_ACTIVE_ARCH = YES;
				SDKROOT = iphoneos;
				TARGETED_DEVICE_FAMILY = "1,2";
			};
			name = Debug;
		};
		F542DAA517F4F5FC00CE9CF9 /* Release */ = {
			isa = XCBuildConfiguration;
			buildSettings = {
				ALWAYS_SEARCH_USER_PATHS = NO;
				ARCHS = "$(ARCHS_STANDARD_INCLUDING_64_BIT)";
				CLANG_CXX_LANGUAGE_STANDARD = "gnu++0x";
				CLANG_CXX_LIBRARY = "libc++";
				CLANG_ENABLE_MODULES = YES;
				CLANG_ENABLE_OBJC_ARC = YES;
				CLANG_WARN_BOOL_CONVERSION = YES;
				CLANG_WARN_CONSTANT_CONVERSION = YES;
				CLANG_WARN_DIRECT_OBJC_ISA_USAGE = YES_ERROR;
				CLANG_WARN_EMPTY_BODY = YES;
				CLANG_WARN_ENUM_CONVERSION = YES;
				CLANG_WARN_INT_CONVERSION = YES;
				CLANG_WARN_OBJC_ROOT_CLASS = YES_ERROR;
				CLANG_WARN__DUPLICATE_METHOD_MATCH = YES;
				"CODE_SIGN_IDENTITY[sdk=iphoneos*]" = "iPhone Developer";
				COPY_PHASE_STRIP = YES;
				ENABLE_NS_ASSERTIONS = NO;
				GCC_C_LANGUAGE_STANDARD = gnu99;
				GCC_WARN_64_TO_32_BIT_CONVERSION = YES;
				GCC_WARN_ABOUT_RETURN_TYPE = YES_ERROR;
				GCC_WARN_UNDECLARED_SELECTOR = YES;
				GCC_WARN_UNINITIALIZED_AUTOS = YES;
				GCC_WARN_UNUSED_FUNCTION = YES;
				GCC_WARN_UNUSED_VARIABLE = YES;
				IPHONEOS_DEPLOYMENT_TARGET = 6.1;
				SDKROOT = iphoneos;
				TARGETED_DEVICE_FAMILY = "1,2";
				VALIDATE_PRODUCT = YES;
			};
			name = Release;
		};
		F542DAA717F4F5FC00CE9CF9 /* Debug */ = {
			isa = XCBuildConfiguration;
			baseConfigurationReference = 5D52652043C24507B13DCDE7 /* Pods.xcconfig */;
			buildSettings = {
				ASSETCATALOG_COMPILER_APPICON_NAME = AppIcon;
				ASSETCATALOG_COMPILER_LAUNCHIMAGE_NAME = LaunchImage;
				GCC_PRECOMPILE_PREFIX_HEADER = YES;
				GCC_PREFIX_HEADER = "inmapper/inmapper-Prefix.pch";
				INFOPLIST_FILE = "inmapper/inmapper-Info.plist";
				PRODUCT_NAME = "$(TARGET_NAME)";
				TARGETED_DEVICE_FAMILY = "1,2";
				USER_HEADER_SEARCH_PATHS = "\"${PODS_ROOT}/BuildHeaders\"/**";
				WRAPPER_EXTENSION = app;
			};
			name = Debug;
		};
		F542DAA817F4F5FC00CE9CF9 /* Release */ = {
			isa = XCBuildConfiguration;
			baseConfigurationReference = 5D52652043C24507B13DCDE7 /* Pods.xcconfig */;
			buildSettings = {
				ASSETCATALOG_COMPILER_APPICON_NAME = AppIcon;
				ASSETCATALOG_COMPILER_LAUNCHIMAGE_NAME = LaunchImage;
				GCC_PRECOMPILE_PREFIX_HEADER = YES;
				GCC_PREFIX_HEADER = "inmapper/inmapper-Prefix.pch";
				INFOPLIST_FILE = "inmapper/inmapper-Info.plist";
				PRODUCT_NAME = "$(TARGET_NAME)";
				TARGETED_DEVICE_FAMILY = "1,2";
				USER_HEADER_SEARCH_PATHS = "\"${PODS_ROOT}/BuildHeaders\"/**";
				WRAPPER_EXTENSION = app;
			};
			name = Release;
		};
		F542DAAA17F4F5FC00CE9CF9 /* Debug */ = {
			isa = XCBuildConfiguration;
			buildSettings = {
				ARCHS = "$(ARCHS_STANDARD_INCLUDING_64_BIT)";
				BUNDLE_LOADER = "$(BUILT_PRODUCTS_DIR)/inmapper.app/inmapper";
				FRAMEWORK_SEARCH_PATHS = (
					"$(SDKROOT)/Developer/Library/Frameworks",
					"$(inherited)",
					"$(DEVELOPER_FRAMEWORKS_DIR)",
				);
				GCC_PRECOMPILE_PREFIX_HEADER = YES;
				GCC_PREFIX_HEADER = "inmapper/inmapper-Prefix.pch";
				GCC_PREPROCESSOR_DEFINITIONS = (
					"DEBUG=1",
					"$(inherited)",
				);
				INFOPLIST_FILE = "inmapperTests/inmapperTests-Info.plist";
				PRODUCT_NAME = "$(TARGET_NAME)";
				TEST_HOST = "$(BUNDLE_LOADER)";
				WRAPPER_EXTENSION = xctest;
			};
			name = Debug;
		};
		F542DAAB17F4F5FC00CE9CF9 /* Release */ = {
			isa = XCBuildConfiguration;
			buildSettings = {
				ARCHS = "$(ARCHS_STANDARD_INCLUDING_64_BIT)";
				BUNDLE_LOADER = "$(BUILT_PRODUCTS_DIR)/inmapper.app/inmapper";
				FRAMEWORK_SEARCH_PATHS = (
					"$(SDKROOT)/Developer/Library/Frameworks",
					"$(inherited)",
					"$(DEVELOPER_FRAMEWORKS_DIR)",
				);
				GCC_PRECOMPILE_PREFIX_HEADER = YES;
				GCC_PREFIX_HEADER = "inmapper/inmapper-Prefix.pch";
				INFOPLIST_FILE = "inmapperTests/inmapperTests-Info.plist";
				PRODUCT_NAME = "$(TARGET_NAME)";
				TEST_HOST = "$(BUNDLE_LOADER)";
				WRAPPER_EXTENSION = xctest;
			};
			name = Release;
		};
/* End XCBuildConfiguration section */

/* Begin XCConfigurationList section */
		F542DA6917F4F5FC00CE9CF9 /* Build configuration list for PBXProject "inmapper" */ = {
			isa = XCConfigurationList;
			buildConfigurations = (
				F542DAA417F4F5FC00CE9CF9 /* Debug */,
				F542DAA517F4F5FC00CE9CF9 /* Release */,
			);
			defaultConfigurationIsVisible = 0;
			defaultConfigurationName = Release;
		};
		F542DAA617F4F5FC00CE9CF9 /* Build configuration list for PBXNativeTarget "inmapper" */ = {
			isa = XCConfigurationList;
			buildConfigurations = (
				F542DAA717F4F5FC00CE9CF9 /* Debug */,
				F542DAA817F4F5FC00CE9CF9 /* Release */,
			);
			defaultConfigurationIsVisible = 0;
			defaultConfigurationName = Release;
		};
		F542DAA917F4F5FC00CE9CF9 /* Build configuration list for PBXNativeTarget "inmapperTests" */ = {
			isa = XCConfigurationList;
			buildConfigurations = (
				F542DAAA17F4F5FC00CE9CF9 /* Debug */,
				F542DAAB17F4F5FC00CE9CF9 /* Release */,
			);
			defaultConfigurationIsVisible = 0;
			defaultConfigurationName = Release;
		};
/* End XCConfigurationList section */

/* Begin XCVersionGroup section */
		F5F9AC331833D5D7004A4E79 /* Model.xcdatamodeld */ = {
			isa = XCVersionGroup;
			children = (
				F5F9AC341833D5D7004A4E79 /* Model.xcdatamodel */,
			);
			currentVersion = F5F9AC341833D5D7004A4E79 /* Model.xcdatamodel */;
			name = Model.xcdatamodeld;
			path = Model/Model.xcdatamodeld;
			sourceTree = "<group>";
			versionGroupType = wrapper.xcdatamodel;
		};
/* End XCVersionGroup section */
	};
	rootObject = F542DA6617F4F5FC00CE9CF9 /* Project object */;
}
